
Microsoft Visual Studio Solution File, Format Version 12.00
# Visual Studio 15
Project("{FAE04EC0-301F-11D3-BF4B-00C04F79EFBC}") = "google-translator", "google-translator\google-translator.csproj", "{C908D18A-9B9B-4C42-BEFE-9DFC58A0571B}"
EndProject
Project("{2150E333-8FDC-42A3-9474-1A3956D46DE8}") = "Solution Items", "Solution Items", "{4CB356BD-BF53-43AA-9E50-FDA073939904}"
	ProjectSection(SolutionItems) = preProject
		Dockerfile = Dockerfile
	EndProjectSection
EndProject
Global
	GlobalSection(SolutionConfigurationPlatforms) = preSolution
		Debug|Any CPU = Debug|Any CPU
		Release|Any CPU = Release|Any CPU
	EndGlobalSection
	GlobalSection(ProjectConfigurationPlatforms) = postSolution
		{C908D18A-9B9B-4C42-BEFE-9DFC58A0571B}.Debug|Any CPU.ActiveCfg = Debug|Any CPU
		{C908D18A-9B9B-4C42-BEFE-9DFC58A0571B}.Debug|Any CPU.Build.0 = Debug|Any CPU
		{C908D18A-9B9B-4C42-BEFE-9DFC58A0571B}.Release|Any CPU.ActiveCfg = Release|Any CPU
		{C908D18A-9B9B-4C42-BEFE-9DFC58A0571B}.Release|Any CPU.Build.0 = Release|Any CPU
	EndGlobalSection
EndGlobal
